
Microsoft Visual Studio Solution File, Format Version 12.00
# Visual Studio Version 17
VisualStudioVersion = 17.1.32414.318
MinimumVisualStudioVersion = 10.0.40219.1
Project("{FAE04EC0-301F-11D3-BF4B-00C04F79EFBC}") = "SSDTestAutomation", "SSDTestAutomation\SSDTestAutomation.csproj", "{AE9DD300-F8CF-45D2-A1BD-BC5C9C05F247}"
EndProject
Global
	GlobalSection(SolutionConfigurationPlatforms) = preSolution
		Debug|Any CPU = Debug|Any CPU
		Release|Any CPU = Release|Any CPU
	EndGlobalSection
	GlobalSection(ProjectConfigurationPlatforms) = postSolution
		{AE9DD300-F8CF-45D2-A1BD-BC5C9C05F247}.Debug|Any CPU.ActiveCfg = Debug|Any CPU
		{AE9DD300-F8CF-45D2-A1BD-BC5C9C05F247}.Debug|Any CPU.Build.0 = Debug|Any CPU
		{AE9DD300-F8CF-45D2-A1BD-BC5C9C05F247}.Release|Any CPU.ActiveCfg = Release|Any CPU
		{AE9DD300-F8CF-45D2-A1BD-BC5C9C05F247}.Release|Any CPU.Build.0 = Release|Any CPU
	EndGlobalSection
	GlobalSection(SolutionProperties) = preSolution
		HideSolutionNode = FALSE
	EndGlobalSection
	GlobalSection(ExtensibilityGlobals) = postSolution
		SolutionGuid = {5929D62D-D453-4127-9D06-69B324DC6722}
	EndGlobalSection
EndGlobal
